
Microsoft Visual Studio Solution File, Format Version 12.00
# Visual Studio Version 17
VisualStudioVersion = 17.3.32901.215
MinimumVisualStudioVersion = 10.0.40219.1
Project("{9A19103F-16F7-4668-BE54-9A1E7A4F7556}") = "PL", "PL\PL.csproj", "{EA4298A2-57C7-4B57-9E41-BCC42A7D8B94}"
EndProject
Project("{9A19103F-16F7-4668-BE54-9A1E7A4F7556}") = "DAL", "DAL\DAL.csproj", "{2EF28FC1-8C53-48DF-84CE-D6E43749914D}"
EndProject
Project("{9A19103F-16F7-4668-BE54-9A1E7A4F7556}") = "BLL", "BLL\BLL.csproj", "{3923AFF5-9E12-4B73-95D1-EC6F08099B1B}"
EndProject
Global
	GlobalSection(SolutionConfigurationPlatforms) = preSolution
		Debug|Any CPU = Debug|Any CPU
		Release|Any CPU = Release|Any CPU
	EndGlobalSection
	GlobalSection(ProjectConfigurationPlatforms) = postSolution
		{EA4298A2-57C7-4B57-9E41-BCC42A7D8B94}.Debug|Any CPU.ActiveCfg = Debug|Any CPU
		{EA4298A2-57C7-4B57-9E41-BCC42A7D8B94}.Debug|Any CPU.Build.0 = Debug|Any CPU
		{EA4298A2-57C7-4B57-9E41-BCC42A7D8B94}.Release|Any CPU.ActiveCfg = Release|Any CPU
		{EA4298A2-57C7-4B57-9E41-BCC42A7D8B94}.Release|Any CPU.Build.0 = Release|Any CPU
		{2EF28FC1-8C53-48DF-84CE-D6E43749914D}.Debug|Any CPU.ActiveCfg = Debug|Any CPU
		{2EF28FC1-8C53-48DF-84CE-D6E43749914D}.Debug|Any CPU.Build.0 = Debug|Any CPU
		{2EF28FC1-8C53-48DF-84CE-D6E43749914D}.Release|Any CPU.ActiveCfg = Release|Any CPU
		{2EF28FC1-8C53-48DF-84CE-D6E43749914D}.Release|Any CPU.Build.0 = Release|Any CPU
		{3923AFF5-9E12-4B73-95D1-EC6F08099B1B}.Debug|Any CPU.ActiveCfg = Debug|Any CPU
		{3923AFF5-9E12-4B73-95D1-EC6F08099B1B}.Debug|Any CPU.Build.0 = Debug|Any CPU
		{3923AFF5-9E12-4B73-95D1-EC6F08099B1B}.Release|Any CPU.ActiveCfg = Release|Any CPU
		{3923AFF5-9E12-4B73-95D1-EC6F08099B1B}.Release|Any CPU.Build.0 = Release|Any CPU
	EndGlobalSection
	GlobalSection(SolutionProperties) = preSolution
		HideSolutionNode = FALSE
	EndGlobalSection
	GlobalSection(ExtensibilityGlobals) = postSolution
		SolutionGuid = {ACBE5968-C6EF-4710-98D9-9D7AF95D9F53}
	EndGlobalSection
EndGlobal
